
Microsoft Visual Studio Solution File, Format Version 12.00
# Visual Studio Version 16
VisualStudioVersion = 16.0.31729.503
MinimumVisualStudioVersion = 10.0.40219.1
Project("{888888A0-9F3D-457C-B088-3A5042F75D52}") = "dict_topolja", "dict_topolja\dict_topolja.pyproj", "{09270867-2C0B-4F29-A9DA-82B44E2365B2}"
EndProject
Global
	GlobalSection(SolutionConfigurationPlatforms) = preSolution
		Debug|Any CPU = Debug|Any CPU
		Release|Any CPU = Release|Any CPU
	EndGlobalSection
	GlobalSection(ProjectConfigurationPlatforms) = postSolution
		{09270867-2C0B-4F29-A9DA-82B44E2365B2}.Debug|Any CPU.ActiveCfg = Debug|Any CPU
		{09270867-2C0B-4F29-A9DA-82B44E2365B2}.Release|Any CPU.ActiveCfg = Release|Any CPU
	EndGlobalSection
	GlobalSection(SolutionProperties) = preSolution
		HideSolutionNode = FALSE
	EndGlobalSection
	GlobalSection(ExtensibilityGlobals) = postSolution
		SolutionGuid = {547C302D-6F17-4619-B261-4C711292F7DF}
	EndGlobalSection
EndGlobal
